
Microsoft Visual Studio Solution File, Format Version 12.00
# Visual Studio Version 16
VisualStudioVersion = 16.0.29509.3
MinimumVisualStudioVersion = 10.0.40219.1
Project("{FAE04EC0-301F-11D3-BF4B-00C04F79EFBC}") = "FilmeOnline.Logica", "FilmeOnline.Logica\FilmeOnline.Logica.csproj", "{93824BFE-C169-4625-8967-81CCECB631D6}"
EndProject
Project("{FAE04EC0-301F-11D3-BF4B-00C04F79EFBC}") = "FilmeOnline.Api", "FilmeOnline.Api\FilmeOnline.Api.csproj", "{7A9196AE-9E68-4AF3-8CBF-4738060F938D}"
EndProject
Project("{2150E333-8FDC-42A3-9474-1A3956D46DE8}") = "Solution Items", "Solution Items", "{290EF134-804D-4D7C-B8B4-6BFFAC19B93F}"
	ProjectSection(SolutionItems) = preProject
		ScriptBanco.sql = ScriptBanco.sql
	EndProjectSection
EndProject
Global
	GlobalSection(SolutionConfigurationPlatforms) = preSolution
		Debug|Any CPU = Debug|Any CPU
		Release|Any CPU = Release|Any CPU
	EndGlobalSection
	GlobalSection(ProjectConfigurationPlatforms) = postSolution
		{93824BFE-C169-4625-8967-81CCECB631D6}.Debug|Any CPU.ActiveCfg = Debug|Any CPU
		{93824BFE-C169-4625-8967-81CCECB631D6}.Debug|Any CPU.Build.0 = Debug|Any CPU
		{93824BFE-C169-4625-8967-81CCECB631D6}.Release|Any CPU.ActiveCfg = Release|Any CPU
		{93824BFE-C169-4625-8967-81CCECB631D6}.Release|Any CPU.Build.0 = Release|Any CPU
		{7A9196AE-9E68-4AF3-8CBF-4738060F938D}.Debug|Any CPU.ActiveCfg = Debug|Any CPU
		{7A9196AE-9E68-4AF3-8CBF-4738060F938D}.Debug|Any CPU.Build.0 = Debug|Any CPU
		{7A9196AE-9E68-4AF3-8CBF-4738060F938D}.Release|Any CPU.ActiveCfg = Release|Any CPU
		{7A9196AE-9E68-4AF3-8CBF-4738060F938D}.Release|Any CPU.Build.0 = Release|Any CPU
	EndGlobalSection
	GlobalSection(SolutionProperties) = preSolution
		HideSolutionNode = FALSE
	EndGlobalSection
	GlobalSection(ExtensibilityGlobals) = postSolution
		SolutionGuid = {E3DA2B9B-E7DC-4AE2-8D35-B6B7BAD631B2}
	EndGlobalSection
EndGlobal
